
Microsoft Visual Studio Solution File, Format Version 12.00
# Visual Studio Version 16
VisualStudioVersion = 16.0.34729.46
MinimumVisualStudioVersion = 10.0.40219.1
Project("{FAE04EC0-301F-11D3-BF4B-00C04F79EFBC}") = "project2025", "project2025\project2025.csproj", "{E5169754-67EF-409F-B117-6CE5A988A496}"
EndProject
Project("{2150E333-8FDC-42A3-9474-1A3956D46DE8}") = "Solution Items", "Solution Items", "{AE811D4E-96BD-45CA-A7D0-D5AA4309DEA7}"
	ProjectSection(SolutionItems) = preProject
		user.cs = user.cs
	EndProjectSection
EndProject
Global
	GlobalSection(SolutionConfigurationPlatforms) = preSolution
		Debug|Any CPU = Debug|Any CPU
		Release|Any CPU = Release|Any CPU
	EndGlobalSection
	GlobalSection(ProjectConfigurationPlatforms) = postSolution
		{E5169754-67EF-409F-B117-6CE5A988A496}.Debug|Any CPU.ActiveCfg = Debug|Any CPU
		{E5169754-67EF-409F-B117-6CE5A988A496}.Debug|Any CPU.Build.0 = Debug|Any CPU
		{E5169754-67EF-409F-B117-6CE5A988A496}.Release|Any CPU.ActiveCfg = Release|Any CPU
		{E5169754-67EF-409F-B117-6CE5A988A496}.Release|Any CPU.Build.0 = Release|Any CPU
	EndGlobalSection
	GlobalSection(SolutionProperties) = preSolution
		HideSolutionNode = FALSE
	EndGlobalSection
	GlobalSection(ExtensibilityGlobals) = postSolution
		SolutionGuid = {E61A18D8-7A31-40D1-9257-F0B4C4DDE5F4}
	EndGlobalSection
EndGlobal
